Microsoft Visual Studio Solution File, Format Version 12.00
# Visual Studio Version 17
VisualStudioVersion = 17.5.2.0
MinimumVisualStudioVersion = 10.0.40219.1
Project("{2150E333-8FDC-42A3-9474-1A3956D46DE8}") = "Email_client", "Email_client", "{4DC43AA3-613F-E1D5-598A-7BFA943034AA}"
EndProject
Project("{FAE04EC0-301F-11D3-BF4B-00C04F79EFBC}") = "QuMail.EmailProtocol", "Email_client\QuMail.EmailProtocol\QuMail.EmailProtocol.csproj", "{348BB02B-89DC-8533-D48F-4E47D349EA5E}"
EndProject
Project("{FAE04EC0-301F-11D3-BF4B-00C04F79EFBC}") = "QuMail.EmailProtocol.Tests", "Email_client\QuMail.EmailProtocol.Tests\QuMail.EmailProtocol.Tests.csproj", "{8BD345B8-6F38-03B1-487D-B6677B39C2E9}"
EndProject
Global
	GlobalSection(SolutionConfigurationPlatforms) = preSolution
		Debug|Any CPU = Debug|Any CPU
		Release|Any CPU = Release|Any CPU
	EndGlobalSection
	GlobalSection(ProjectConfigurationPlatforms) = postSolution
		{348BB02B-89DC-8533-D48F-4E47D349EA5E}.Debug|Any CPU.ActiveCfg = Debug|Any CPU
		{348BB02B-89DC-8533-D48F-4E47D349EA5E}.Debug|Any CPU.Build.0 = Debug|Any CPU
		{348BB02B-89DC-8533-D48F-4E47D349EA5E}.Release|Any CPU.ActiveCfg = Release|Any CPU
		{348BB02B-89DC-8533-D48F-4E47D349EA5E}.Release|Any CPU.Build.0 = Release|Any CPU
		{8BD345B8-6F38-03B1-487D-B6677B39C2E9}.Debug|Any CPU.ActiveCfg = Debug|Any CPU
		{8BD345B8-6F38-03B1-487D-B6677B39C2E9}.Debug|Any CPU.Build.0 = Debug|Any CPU
		{8BD345B8-6F38-03B1-487D-B6677B39C2E9}.Release|Any CPU.ActiveCfg = Release|Any CPU
		{8BD345B8-6F38-03B1-487D-B6677B39C2E9}.Release|Any CPU.Build.0 = Release|Any CPU
	EndGlobalSection
	GlobalSection(SolutionProperties) = preSolution
		HideSolutionNode = FALSE
	EndGlobalSection
	GlobalSection(NestedProjects) = preSolution
		{348BB02B-89DC-8533-D48F-4E47D349EA5E} = {4DC43AA3-613F-E1D5-598A-7BFA943034AA}
		{8BD345B8-6F38-03B1-487D-B6677B39C2E9} = {4DC43AA3-613F-E1D5-598A-7BFA943034AA}
	EndGlobalSection
	GlobalSection(ExtensibilityGlobals) = postSolution
		SolutionGuid = {D5C83816-EEB1-4C27-93AD-A56CB35D0643}
	EndGlobalSection
EndGlobal
